// !$*UTF8*$!
{
	archiveVersion = 1;
	classes = {
	};
	objectVersion = 56;
	objects = {

/* Begin PBXBuildFile section */
		61AA18F12CFC5F15002B4A87 /* WorldClockFirstTab.swift in Sources */ = {isa = PBXBuildFile; fileRef = 61AA18F02CFC5F15002B4A87 /* WorldClockFirstTab.swift */; };
		61AA18F32CFC6005002B4A87 /* AlarmSecondTab.swift in Sources */ = {isa = PBXBuildFile; fileRef = 61AA18F22CFC6005002B4A87 /* AlarmSecondTab.swift */; };
		61AA18F52CFC605D002B4A87 /* StopWatchThirdTab.swift in Sources */ = {isa = PBXBuildFile; fileRef = 61AA18F42CFC605D002B4A87 /* StopWatchThirdTab.swift */; };
		61AA18F82CFC60B0002B4A87 /* TimerFourthTab.swift in Sources */ = {isa = PBXBuildFile; fileRef = 61AA18F72CFC60B0002B4A87 /* TimerFourthTab.swift */; };
		61AA18FB2D004DFE002B4A87 /* TimerListCell.swift in Sources */ = {isa = PBXBuildFile; fileRef = 61AA18FA2D004DFE002B4A87 /* TimerListCell.swift */; };
		61BDB9C22CFB315000249AC8 /* TimerCloneApp.swift in Sources */ = {isa = PBXBuildFile; fileRef = 61BDB9C12CFB315000249AC8 /* TimerCloneApp.swift */; };
		61BDB9C42CFB315000249AC8 /* ContentView.swift in Sources */ = {isa = PBXBuildFile; fileRef = 61BDB9C32CFB315000249AC8 /* ContentView.swift */; };
		61BDB9C62CFB315200249AC8 /* Assets.xcassets in Resources */ = {isa = PBXBuildFile; fileRef = 61BDB9C52CFB315200249AC8 /* Assets.xcassets */; };
		61BDB9C92CFB315200249AC8 /* Preview Assets.xcassets in Resources */ = {isa = PBXBuildFile; fileRef = 61BDB9C82CFB315200249AC8 /* Preview Assets.xcassets */; };
/* End PBXBuildFile section */

/* Begin PBXFileReference section */
		61AA18F02CFC5F15002B4A87 /* WorldClockFirstTab.swift */ = {isa = PBXFileReference; lastKnownFileType = sourcecode.swift; path = WorldClockFirstTab.swift; sourceTree = "<group>"; };
		61AA18F22CFC6005002B4A87 /* AlarmSecondTab.swift */ = {isa = PBXFileReference; lastKnownFileType = sourcecode.swift; path = AlarmSecondTab.swift; sourceTree = "<group>"; };
		61AA18F42CFC605D002B4A87 /* StopWatchThirdTab.swift */ = {isa = PBXFileReference; lastKnownFileType = sourcecode.swift; path = StopWatchThirdTab.swift; sourceTree = "<group>"; };
		61AA18F72CFC60B0002B4A87 /* TimerFourthTab.swift */ = {isa = PBXFileReference; lastKnownFileType = sourcecode.swift; path = TimerFourthTab.swift; sourceTree = "<group>"; };
		61AA18FA2D004DFE002B4A87 /* TimerListCell.swift */ = {isa = PBXFileReference; lastKnownFileType = sourcecode.swift; path = TimerListCell.swift; sourceTree = "<group>"; };
		61BDB9BE2CFB315000249AC8 /* TimerClone.app */ = {isa = PBXFileReference; explicitFileType = wrapper.application; includeInIndex = 0; path = TimerClone.app; sourceTree = BUILT_PRODUCTS_DIR; };
		61BDB9C12CFB315000249AC8 /* TimerCloneApp.swift */ = {isa = PBXFileReference; lastKnownFileType = sourcecode.swift; path = TimerCloneApp.swift; sourceTree = "<group>"; };
		61BDB9C32CFB315000249AC8 /* ContentView.swift */ = {isa = PBXFileReference; lastKnownFileType = sourcecode.swift; path = ContentView.swift; sourceTree = "<group>"; };
		61BDB9C52CFB315200249AC8 /* Assets.xcassets */ = {isa = PBXFileReference; lastKnownFileType = folder.assetcatalog; path = Assets.xcassets; sourceTree = "<group>"; };
		61BDB9C82CFB315200249AC8 /* Preview Assets.xcassets */ = {isa = PBXFileReference; lastKnownFileType = folder.assetcatalog; path = "Preview Assets.xcassets"; sourceTree = "<group>"; };
/* End PBXFileReference section */

/* Begin PBXFrameworksBuildPhase section */
		61BDB9BB2CFB315000249AC8 /* Frameworks */ = {
			isa = PBXFrameworksBuildPhase;
			buildActionMask = 2147483647;
			files = (
			);
			runOnlyForDeploymentPostprocessing = 0;
		};
/* End PBXFrameworksBuildPhase section */

/* Begin PBXGroup section */
		61AA18ED2CFC4F30002B4A87 /* View */ = {
			isa = PBXGroup;
			children = (
				61AA18F62CFC608E002B4A87 /* Tab */,
				61AA18F92D004DC6002B4A87 /* List Cell */,
				61BDB9C32CFB315000249AC8 /* ContentView.swift */,
			);
			path = View;
			sourceTree = "<group>";
		};
		61AA18EE2CFC4F38002B4A87 /* ViewModel */ = {
			isa = PBXGroup;
			children = (
			);
			path = ViewModel;
			sourceTree = "<group>";
		};
		61AA18EF2CFC4F3F002B4A87 /* Model */ = {
			isa = PBXGroup;
			children = (
			);
			path = Model;
			sourceTree = "<group>";
		};
		61AA18F62CFC608E002B4A87 /* Tab */ = {
			isa = PBXGroup;
			children = (
				61AA18F02CFC5F15002B4A87 /* WorldClockFirstTab.swift */,
				61AA18F22CFC6005002B4A87 /* AlarmSecondTab.swift */,
				61AA18F42CFC605D002B4A87 /* StopWatchThirdTab.swift */,
				61AA18F72CFC60B0002B4A87 /* TimerFourthTab.swift */,
			);
			path = Tab;
			sourceTree = "<group>";
		};
		61AA18F92D004DC6002B4A87 /* List Cell */ = {
			isa = PBXGroup;
			children = (
				61AA18FA2D004DFE002B4A87 /* TimerListCell.swift */,
			);
			path = "List Cell";
			sourceTree = "<group>";
		};
		61BDB9B52CFB315000249AC8 = {
			isa = PBXGroup;
			children = (
				61BDB9C02CFB315000249AC8 /* TimerClone */,
				61BDB9BF2CFB315000249AC8 /* Products */,
			);
			sourceTree = "<group>";
		};
		61BDB9BF2CFB315000249AC8 /* Products */ = {
			isa = PBXGroup;
			children = (
				61BDB9BE2CFB315000249AC8 /* TimerClone.app */,
			);
			name = Products;
			sourceTree = "<group>";
		};
		61BDB9C02CFB315000249AC8 /* TimerClone */ = {
			isa = PBXGroup;
			children = (
				61BDB9C12CFB315000249AC8 /* TimerCloneApp.swift */,
				61AA18EF2CFC4F3F002B4A87 /* Model */,
				61AA18EE2CFC4F38002B4A87 /* ViewModel */,
				61AA18ED2CFC4F30002B4A87 /* View */,
				61BDB9C52CFB315200249AC8 /* Assets.xcassets */,
				61BDB9C72CFB315200249AC8 /* Preview Content */,
			);
			path = TimerClone;
			sourceTree = "<group>";
		};
		61BDB9C72CFB315200249AC8 /* Preview Content */ = {
			isa = PBXGroup;
			children = (
				61BDB9C82CFB315200249AC8 /* Preview Assets.xcassets */,
			);
			path = "Preview Content";
			sourceTree = "<group>";
		};
/* End PBXGroup section */

/* Begin PBXNativeTarget section */
		61BDB9BD2CFB315000249AC8 /* TimerClone */ = {
			isa = PBXNativeTarget;
			buildConfigurationList = 61BDB9CC2CFB315200249AC8 /* Build configuration list for PBXNativeTarget "TimerClone" */;
			buildPhases = (
				61BDB9BA2CFB315000249AC8 /* Sources */,
				61BDB9BB2CFB315000249AC8 /* Frameworks */,
				61BDB9BC2CFB315000249AC8 /* Resources */,
			);
			buildRules = (
			);
			dependencies = (
			);
			name = TimerClone;
			productName = TimerClone;
			productReference = 61BDB9BE2CFB315000249AC8 /* TimerClone.app */;
			productType = "com.apple.product-type.application";
		};
/* End PBXNativeTarget section */

/* Begin PBXProject section */
		61BDB9B62CFB315000249AC8 /* Project object */ = {
			isa = PBXProject;
			attributes = {
				BuildIndependentTargetsInParallel = 1;
				LastSwiftUpdateCheck = 1520;
				LastUpgradeCheck = 1520;
				TargetAttributes = {
					61BDB9BD2CFB315000249AC8 = {
						CreatedOnToolsVersion = 15.2;
					};
				};
			};
			buildConfigurationList = 61BDB9B92CFB315000249AC8 /* Build configuration list for PBXProject "TimerClone" */;
			compatibilityVersion = "Xcode 14.0";
			developmentRegion = en;
			hasScannedForEncodings = 0;
			knownRegions = (
				en,
				Base,
			);
			mainGroup = 61BDB9B52CFB315000249AC8;
			productRefGroup = 61BDB9BF2CFB315000249AC8 /* Products */;
			projectDirPath = "";
			projectRoot = "";
			targets = (
				61BDB9BD2CFB315000249AC8 /* TimerClone */,
			);
		};
/* End PBXProject section */

/* Begin PBXResourcesBuildPhase section */
		61BDB9BC2CFB315000249AC8 /* Resources */ = {
			isa = PBXResourcesBuildPhase;
			buildActionMask = 2147483647;
			files = (
				61BDB9C92CFB315200249AC8 /* Preview Assets.xcassets in Resources */,
				61BDB9C62CFB315200249AC8 /* Assets.xcassets in Resources */,
			);
			runOnlyForDeploymentPostprocessing = 0;
		};
/* End PBXResourcesBuildPhase section */

/* Begin PBXSourcesBuildPhase section */
		61BDB9BA2CFB315000249AC8 /* Sources */ = {
			isa = PBXSourcesBuildPhase;
			buildActionMask = 2147483647;
			files = (
				61AA18FB2D004DFE002B4A87 /* TimerListCell.swift in Sources */,
				61BDB9C42CFB315000249AC8 /* ContentView.swift in Sources */,
				61AA18F82CFC60B0002B4A87 /* TimerFourthTab.swift in Sources */,
				61AA18F12CFC5F15002B4A87 /* WorldClockFirstTab.swift in Sources */,
				61BDB9C22CFB315000249AC8 /* TimerCloneApp.swift in Sources */,
				61AA18F32CFC6005002B4A87 /* AlarmSecondTab.swift in Sources */,
				61AA18F52CFC605D002B4A87 /* StopWatchThirdTab.swift in Sources */,
			);
			runOnlyForDeploymentPostprocessing = 0;
		};
/* End PBXSourcesBuildPhase section */

/* Begin XCBuildConfiguration section */
		61BDB9CA2CFB315200249AC8 /* Debug */ = {
			isa = XCBuildConfiguration;
			buildSettings = {
				ALWAYS_SEARCH_USER_PATHS = NO;
				ASSETCATALOG_COMPILER_GENERATE_SWIFT_ASSET_SYMBOL_EXTENSIONS = YES;
				CLANG_ANALYZER_NONNULL = YES;
				CLANG_ANALYZER_NUMBER_OBJECT_CONVERSION = YES_AGGRESSIVE;
				CLANG_CXX_LANGUAGE_STANDARD = "gnu++20";
				CLANG_ENABLE_MODULES = YES;
				CLANG_ENABLE_OBJC_ARC = YES;
				CLANG_ENABLE_OBJC_WEAK = YES;
				CLANG_WARN_BLOCK_CAPTURE_AUTORELEASING = YES;
				CLANG_WARN_BOOL_CONVERSION = YES;
				CLANG_WARN_COMMA = YES;
				CLANG_WARN_CONSTANT_CONVERSION = YES;
				CLANG_WARN_DEPRECATED_OBJC_IMPLEMENTATIONS = YES;
				CLANG_WARN_DIRECT_OBJC_ISA_USAGE = YES_ERROR;
				CLANG_WARN_DOCUMENTATION_COMMENTS = YES;
				CLANG_WARN_EMPTY_BODY = YES;
				CLANG_WARN_ENUM_CONVERSION = YES;
				CLANG_WARN_INFINITE_RECURSION = YES;
				CLANG_WARN_INT_CONVERSION = YES;
				CLANG_WARN_NON_LITERAL_NULL_CONVERSION = YES;
				CLANG_WARN_OBJC_IMPLICIT_RETAIN_SELF = YES;
				CLANG_WARN_OBJC_LITERAL_CONVERSION = YES;
				CLANG_WARN_OBJC_ROOT_CLASS = YES_ERROR;
				CLANG_WARN_QUOTED_INCLUDE_IN_FRAMEWORK_HEADER = YES;
				CLANG_WARN_RANGE_LOOP_ANALYSIS = YES;
				CLANG_WARN_STRICT_PROTOTYPES = YES;
				CLANG_WARN_SUSPICIOUS_MOVE = YES;
				CLANG_WARN_UNGUARDED_AVAILABILITY = YES_AGGRESSIVE;
				CLANG_WARN_UNREACHABLE_CODE = YES;
				CLANG_WARN__DUPLICATE_METHOD_MATCH = YES;
				COPY_PHASE_STRIP = NO;
				DEBUG_INFORMATION_FORMAT = dwarf;
				ENABLE_STRICT_OBJC_MSGSEND = YES;
				ENABLE_TESTABILITY = YES;
				ENABLE_USER_SCRIPT_SANDBOXING = YES;
				GCC_C_LANGUAGE_STANDARD = gnu17;
				GCC_DYNAMIC_NO_PIC = NO;
				GCC_NO_COMMON_BLOCKS = YES;
				GCC_OPTIMIZATION_LEVEL = 0;
				GCC_PREPROCESSOR_DEFINITIONS = (
					"DEBUG=1",
					"$(inherited)",
				);
				GCC_WARN_64_TO_32_BIT_CONVERSION = YES;
				GCC_WARN_ABOUT_RETURN_TYPE = YES_ERROR;
				GCC_WARN_UNDECLARED_SELECTOR = YES;
				GCC_WARN_UNINITIALIZED_AUTOS = YES_AGGRESSIVE;
				GCC_WARN_UNUSED_FUNCTION = YES;
				GCC_WARN_UNUSED_VARIABLE = YES;
				IPHONEOS_DEPLOYMENT_TARGET = 17.2;
				LOCALIZATION_PREFERS_STRING_CATALOGS = YES;
				MTL_ENABLE_DEBUG_INFO = INCLUDE_SOURCE;
				MTL_FAST_MATH = YES;
				ONLY_ACTIVE_ARCH = YES;
				SDKROOT = iphoneos;
				SWIFT_ACTIVE_COMPILATION_CONDITIONS = "DEBUG $(inherited)";
				SWIFT_OPTIMIZATION_LEVEL = "-Onone";
			};
			name = Debug;
		};
		61BDB9CB2CFB315200249AC8 /* Release */ = {
			isa = XCBuildConfiguration;
			buildSettings = {
				ALWAYS_SEARCH_USER_PATHS = NO;
				ASSETCATALOG_COMPILER_GENERATE_SWIFT_ASSET_SYMBOL_EXTENSIONS = YES;
				CLANG_ANALYZER_NONNULL = YES;
				CLANG_ANALYZER_NUMBER_OBJECT_CONVERSION = YES_AGGRESSIVE;
				CLANG_CXX_LANGUAGE_STANDARD = "gnu++20";
				CLANG_ENABLE_MODULES = YES;
				CLANG_ENABLE_OBJC_ARC = YES;
				CLANG_ENABLE_OBJC_WEAK = YES;
				CLANG_WARN_BLOCK_CAPTURE_AUTORELEASING = YES;
				CLANG_WARN_BOOL_CONVERSION = YES;
				CLANG_WARN_COMMA = YES;
				CLANG_WARN_CONSTANT_CONVERSION = YES;
				CLANG_WARN_DEPRECATED_OBJC_IMPLEMENTATIONS = YES;
				CLANG_WARN_DIRECT_OBJC_ISA_USAGE = YES_ERROR;
				CLANG_WARN_DOCUMENTATION_COMMENTS = YES;
				CLANG_WARN_EMPTY_BODY = YES;
				CLANG_WARN_ENUM_CONVERSION = YES;
				CLANG_WARN_INFINITE_RECURSION = YES;
				CLANG_WARN_INT_CONVERSION = YES;
				CLANG_WARN_NON_LITERAL_NULL_CONVERSION = YES;
				CLANG_WARN_OBJC_IMPLICIT_RETAIN_SELF = YES;
				CLANG_WARN_OBJC_LITERAL_CONVERSION = YES;
				CLANG_WARN_OBJC_ROOT_CLASS = YES_ERROR;
				CLANG_WARN_QUOTED_INCLUDE_IN_FRAMEWORK_HEADER = YES;
				CLANG_WARN_RANGE_LOOP_ANALYSIS = YES;
				CLANG_WARN_STRICT_PROTOTYPES = YES;
				CLANG_WARN_SUSPICIOUS_MOVE = YES;
				CLANG_WARN_UNGUARDED_AVAILABILITY = YES_AGGRESSIVE;
				CLANG_WARN_UNREACHABLE_CODE = YES;
				CLANG_WARN__DUPLICATE_METHOD_MATCH = YES;
				COPY_PHASE_STRIP = NO;
				DEBUG_INFORMATION_FORMAT = "dwarf-with-dsym";
				ENABLE_NS_ASSERTIONS = NO;
				ENABLE_STRICT_OBJC_MSGSEND = YES;
				ENABLE_USER_SCRIPT_SANDBOXING = YES;
				GCC_C_LANGUAGE_STANDARD = gnu17;
				GCC_NO_COMMON_BLOCKS = YES;
				GCC_WARN_64_TO_32_BIT_CONVERSION = YES;
				GCC_WARN_ABOUT_RETURN_TYPE = YES_ERROR;
				GCC_WARN_UNDECLARED_SELECTOR = YES;
				GCC_WARN_UNINITIALIZED_AUTOS = YES_AGGRESSIVE;
				GCC_WARN_UNUSED_FUNCTION = YES;
				GCC_WARN_UNUSED_VARIABLE = YES;
				IPHONEOS_DEPLOYMENT_TARGET = 17.2;
				LOCALIZATION_PREFERS_STRING_CATALOGS = YES;
				MTL_ENABLE_DEBUG_INFO = NO;
				MTL_FAST_MATH = YES;
				SDKROOT = iphoneos;
				SWIFT_COMPILATION_MODE = wholemodule;
				VALIDATE_PRODUCT = YES;
			};
			name = Release;
		};
		61BDB9CD2CFB315200249AC8 /* Debug */ = {
			isa = XCBuildConfiguration;
			buildSettings = {
				ASSETCATALOG_COMPILER_APPICON_NAME = AppIcon;
				ASSETCATALOG_COMPILER_GLOBAL_ACCENT_COLOR_NAME = AccentColor;
				CODE_SIGN_STYLE = Automatic;
				CURRENT_PROJECT_VERSION = 1;
				DEVELOPMENT_ASSET_PATHS = "\"TimerClone/Preview Content\"";
				DEVELOPMENT_TEAM = 53TT286T39;
				ENABLE_PREVIEWS = YES;
				GENERATE_INFOPLIST_FILE = YES;
				INFOPLIST_KEY_UIApplicationSceneManifest_Generation = YES;
				INFOPLIST_KEY_UIApplicationSupportsIndirectInputEvents = YES;
				INFOPLIST_KEY_UILaunchScreen_Generation = YES;
				INFOPLIST_KEY_UISupportedInterfaceOrientations_iPad = "UIInterfaceOrientationPortrait UIInterfaceOrientationPortraitUpsideDown UIInterfaceOrientationLandscapeLeft UIInterfaceOrientationLandscapeRight";
				INFOPLIST_KEY_UISupportedInterfaceOrientations_iPhone = "UIInterfaceOrientationPortrait UIInterfaceOrientationLandscapeLeft UIInterfaceOrientationLandscapeRight";
				LD_RUNPATH_SEARCH_PATHS = (
					"$(inherited)",
					"@executable_path/Frameworks",
				);
				MARKETING_VERSION = 1.0;
				PRODUCT_BUNDLE_IDENTIFIER = net.macnpc.TimerClone;
				PRODUCT_NAME = "$(TARGET_NAME)";
				SWIFT_EMIT_LOC_STRINGS = YES;
				SWIFT_VERSION = 5.0;
				TARGETED_DEVICE_FAMILY = "1,2";
			};
			name = Debug;
		};
		61BDB9CE2CFB315200249AC8 /* Release */ = {
			isa = XCBuildConfiguration;
			buildSettings = {
				ASSETCATALOG_COMPILER_APPICON_NAME = AppIcon;
				ASSETCATALOG_COMPILER_GLOBAL_ACCENT_COLOR_NAME = AccentColor;
				CODE_SIGN_STYLE = Automatic;
				CURRENT_PROJECT_VERSION = 1;
				DEVELOPMENT_ASSET_PATHS = "\"TimerClone/Preview Content\"";
				DEVELOPMENT_TEAM = 53TT286T39;
				ENABLE_PREVIEWS = YES;
				GENERATE_INFOPLIST_FILE = YES;
				INFOPLIST_KEY_UIApplicationSceneManifest_Generation = YES;
				INFOPLIST_KEY_UIApplicationSupportsIndirectInputEvents = YES;
				INFOPLIST_KEY_UILaunchScreen_Generation = YES;
				INFOPLIST_KEY_UISupportedInterfaceOrientations_iPad = "UIInterfaceOrientationPortrait UIInterfaceOrientationPortraitUpsideDown UIInterfaceOrientationLandscapeLeft UIInterfaceOrientationLandscapeRight";
				INFOPLIST_KEY_UISupportedInterfaceOrientations_iPhone = "UIInterfaceOrientationPortrait UIInterfaceOrientationLandscapeLeft UIInterfaceOrientationLandscapeRight";
				LD_RUNPATH_SEARCH_PATHS = (
					"$(inherited)",
					"@executable_path/Frameworks",
				);
				MARKETING_VERSION = 1.0;
				PRODUCT_BUNDLE_IDENTIFIER = net.macnpc.TimerClone;
				PRODUCT_NAME = "$(TARGET_NAME)";
				SWIFT_EMIT_LOC_STRINGS = YES;
				SWIFT_VERSION = 5.0;
				TARGETED_DEVICE_FAMILY = "1,2";
			};
			name = Release;
		};
/* End XCBuildConfiguration section */

/* Begin XCConfigurationList section */
		61BDB9B92CFB315000249AC8 /* Build configuration list for PBXProject "TimerClone" */ = {
			isa = XCConfigurationList;
			buildConfigurations = (
				61BDB9CA2CFB315200249AC8 /* Debug */,
				61BDB9CB2CFB315200249AC8 /* Release */,
			);
			defaultConfigurationIsVisible = 0;
			defaultConfigurationName = Release;
		};
		61BDB9CC2CFB315200249AC8 /* Build configuration list for PBXNativeTarget "TimerClone" */ = {
			isa = XCConfigurationList;
			buildConfigurations = (
				61BDB9CD2CFB315200249AC8 /* Debug */,
				61BDB9CE2CFB315200249AC8 /* Release */,
			);
			defaultConfigurationIsVisible = 0;
			defaultConfigurationName = Release;
		};
/* End XCConfigurationList section */
	};
	rootObject = 61BDB9B62CFB315000249AC8 /* Project object */;
}
